
Microsoft Visual Studio Solution File, Format Version 12.00
# Visual Studio 15
VisualStudioVersion = 15.0.27428.2002
MinimumVisualStudioVersion = 10.0.40219.1
Project("{FAE04EC0-301F-11D3-BF4B-00C04F79EFBC}") = "SingleSignOn", "SingleSignOn\SingleSignOn.csproj", "{B9A68B5F-A747-4043-9238-DD03E3B1D29B}"
EndProject
Project("{FAE04EC0-301F-11D3-BF4B-00C04F79EFBC}") = "SingleSignOn.Core", "SingleSignOn.Core\SingleSignOn.Core.csproj", "{B395C82C-4A2D-4BE7-98B4-90998E249529}"
EndProject
Project("{FAE04EC0-301F-11D3-BF4B-00C04F79EFBC}") = "SingleSignOn.SampleHost", "SingleSignOn.SampleHost\SingleSignOn.SampleHost.csproj", "{E64792CB-00EF-44C3-8897-28DCD26A9A71}"
EndProject
Project("{FAE04EC0-301F-11D3-BF4B-00C04F79EFBC}") = "SingleSignOn.Test", "SingleSignOn.Test\SingleSignOn.Test.csproj", "{D6BDC8B1-AD87-437C-84C8-B604AD05CB5B}"
EndProject
Global
	GlobalSection(SolutionConfigurationPlatforms) = preSolution
		Debug|Any CPU = Debug|Any CPU
		Release|Any CPU = Release|Any CPU
	EndGlobalSection
	GlobalSection(ProjectConfigurationPlatforms) = postSolution
		{B9A68B5F-A747-4043-9238-DD03E3B1D29B}.Debug|Any CPU.ActiveCfg = Debug|Any CPU
		{B9A68B5F-A747-4043-9238-DD03E3B1D29B}.Debug|Any CPU.Build.0 = Debug|Any CPU
		{B9A68B5F-A747-4043-9238-DD03E3B1D29B}.Release|Any CPU.ActiveCfg = Release|Any CPU
		{B9A68B5F-A747-4043-9238-DD03E3B1D29B}.Release|Any CPU.Build.0 = Release|Any CPU
		{B395C82C-4A2D-4BE7-98B4-90998E249529}.Debug|Any CPU.ActiveCfg = Debug|Any CPU
		{B395C82C-4A2D-4BE7-98B4-90998E249529}.Debug|Any CPU.Build.0 = Debug|Any CPU
		{B395C82C-4A2D-4BE7-98B4-90998E249529}.Release|Any CPU.ActiveCfg = Release|Any CPU
		{B395C82C-4A2D-4BE7-98B4-90998E249529}.Release|Any CPU.Build.0 = Release|Any CPU
		{E64792CB-00EF-44C3-8897-28DCD26A9A71}.Debug|Any CPU.ActiveCfg = Debug|Any CPU
		{E64792CB-00EF-44C3-8897-28DCD26A9A71}.Debug|Any CPU.Build.0 = Debug|Any CPU
		{E64792CB-00EF-44C3-8897-28DCD26A9A71}.Release|Any CPU.ActiveCfg = Release|Any CPU
		{E64792CB-00EF-44C3-8897-28DCD26A9A71}.Release|Any CPU.Build.0 = Release|Any CPU
		{D6BDC8B1-AD87-437C-84C8-B604AD05CB5B}.Debug|Any CPU.ActiveCfg = Debug|Any CPU
		{D6BDC8B1-AD87-437C-84C8-B604AD05CB5B}.Debug|Any CPU.Build.0 = Debug|Any CPU
		{D6BDC8B1-AD87-437C-84C8-B604AD05CB5B}.Release|Any CPU.ActiveCfg = Release|Any CPU
		{D6BDC8B1-AD87-437C-84C8-B604AD05CB5B}.Release|Any CPU.Build.0 = Release|Any CPU
	EndGlobalSection
	GlobalSection(SolutionProperties) = preSolution
		HideSolutionNode = FALSE
	EndGlobalSection
	GlobalSection(ExtensibilityGlobals) = postSolution
		SolutionGuid = {4ACEB136-2352-4BE4-8C6B-F0ED4350A683}
	EndGlobalSection
EndGlobal
